
Microsoft Visual Studio Solution File, Format Version 12.00
# Visual Studio Version 17
VisualStudioVersion = 17.5.33424.131
MinimumVisualStudioVersion = 10.0.40219.1
Project("{FAE04EC0-301F-11D3-BF4B-00C04F79EFBC}") = "Enigma", "Enigma\Enigma.csproj", "{32A509D3-02A9-4A64-93F1-3BEA7C73BBED}"
EndProject
Global
	GlobalSection(SolutionConfigurationPlatforms) = preSolution
		Debug|Any CPU = Debug|Any CPU
		Release|Any CPU = Release|Any CPU
	EndGlobalSection
	GlobalSection(ProjectConfigurationPlatforms) = postSolution
		{32A509D3-02A9-4A64-93F1-3BEA7C73BBED}.Debug|Any CPU.ActiveCfg = Debug|Any CPU
		{32A509D3-02A9-4A64-93F1-3BEA7C73BBED}.Debug|Any CPU.Build.0 = Debug|Any CPU
		{32A509D3-02A9-4A64-93F1-3BEA7C73BBED}.Release|Any CPU.ActiveCfg = Release|Any CPU
		{32A509D3-02A9-4A64-93F1-3BEA7C73BBED}.Release|Any CPU.Build.0 = Release|Any CPU
	EndGlobalSection
	GlobalSection(SolutionProperties) = preSolution
		HideSolutionNode = FALSE
	EndGlobalSection
	GlobalSection(ExtensibilityGlobals) = postSolution
		SolutionGuid = {DF64DEB0-8618-4023-B2AE-895FE7FD1EC3}
	EndGlobalSection
EndGlobal
